
Microsoft Visual Studio Solution File, Format Version 12.00
# Visual Studio Version 17
VisualStudioVersion = 17.8.34316.72
MinimumVisualStudioVersion = 10.0.40219.1
Project("{FAE04EC0-301F-11D3-BF4B-00C04F79EFBC}") = "ConsoleClient", "ConsoleClient\ConsoleClient.csproj", "{A61A9EB2-1829-45BE-B46D-3EB173136447}"
EndProject
Project("{2150E333-8FDC-42A3-9474-1A3956D46DE8}") = "Solution Items", "Solution Items", "{AB085C00-DAC4-4D65-99DA-653F373FD839}"
	ProjectSection(SolutionItems) = preProject
		dSpace Rules2.ndrules = dSpace Rules2.ndrules
		dSpace_Analysis.ndproj = dSpace_Analysis.ndproj
	EndProjectSection
EndProject
Project("{2150E333-8FDC-42A3-9474-1A3956D46DE8}") = "Logic", "Logic", "{432FA59D-6201-41BE-BDF3-5C873532E7E5}"
EndProject
Project("{2150E333-8FDC-42A3-9474-1A3956D46DE8}") = "Data", "Data", "{59656332-936B-49FB-A326-F54F0E5F8AD1}"
EndProject
Project("{2150E333-8FDC-42A3-9474-1A3956D46DE8}") = "CrossCutting", "CrossCutting", "{7EEA34A5-665B-463C-9E76-0EDB3E80FE7C}"
EndProject
Project("{2150E333-8FDC-42A3-9474-1A3956D46DE8}") = "UI", "UI", "{7B09AF6E-846E-4CA1-A9EC-A7241F22B0FD}"
EndProject
Project("{FAE04EC0-301F-11D3-BF4B-00C04F79EFBC}") = "DataClasses", "DataClasses\DataClasses.csproj", "{8AFD534D-D6BA-4D8F-B22D-C3223A31548E}"
EndProject
Project("{FAE04EC0-301F-11D3-BF4B-00C04F79EFBC}") = "DataStoring", "DataStoring\DataStoring.csproj", "{E9479D42-0316-48BF-BA95-D380C9B51B6E}"
EndProject
Project("{FAE04EC0-301F-11D3-BF4B-00C04F79EFBC}") = "FileStoring", "FileStoring\FileStoring.csproj", "{01F4BFE1-A92F-4B8B-A65E-7165AE534B37}"
EndProject
Project("{FAE04EC0-301F-11D3-BF4B-00C04F79EFBC}") = "PersonManagement", "PersonManagement\PersonManagement.csproj", "{037072FA-17CD-493A-9CA8-A07796C6CF07}"
EndProject
Project("{FAE04EC0-301F-11D3-BF4B-00C04F79EFBC}") = "DataStoring.Contract", "DataStoring.Contract\DataStoring.Contract.csproj", "{D6A2570E-3290-4EE9-81BD-9FA4E23A4F04}"
EndProject
Project("{FAE04EC0-301F-11D3-BF4B-00C04F79EFBC}") = "FileStoring.Contract", "FileStoring.Contract\FileStoring.Contract.csproj", "{A0567212-5AC1-4632-B9DB-B55C0C2AA4BF}"
EndProject
Project("{FAE04EC0-301F-11D3-BF4B-00C04F79EFBC}") = "PersonManagement.Contract", "PersonManagement.Contract\PersonManagement.Contract.csproj", "{7481DD6E-5FE2-4F66-B6ED-5C99DC689BE4}"
EndProject
Project("{2150E333-8FDC-42A3-9474-1A3956D46DE8}") = "Infrastructure", "Infrastructure", "{1535EE79-80BE-494F-8162-ECFBCADD5589}"
EndProject
Project("{FAE04EC0-301F-11D3-BF4B-00C04F79EFBC}") = "Mappings", "Mappings\Mappings.csproj", "{51BD58C2-24DD-4FBA-85C0-5B0E0A67D44B}"
EndProject
Global
	GlobalSection(SolutionConfigurationPlatforms) = preSolution
		Debug|Any CPU = Debug|Any CPU
		Release|Any CPU = Release|Any CPU
	EndGlobalSection
	GlobalSection(ProjectConfigurationPlatforms) = postSolution
		{A61A9EB2-1829-45BE-B46D-3EB173136447}.Debug|Any CPU.ActiveCfg = Debug|Any CPU
		{A61A9EB2-1829-45BE-B46D-3EB173136447}.Debug|Any CPU.Build.0 = Debug|Any CPU
		{A61A9EB2-1829-45BE-B46D-3EB173136447}.Release|Any CPU.ActiveCfg = Release|Any CPU
		{A61A9EB2-1829-45BE-B46D-3EB173136447}.Release|Any CPU.Build.0 = Release|Any CPU
		{8AFD534D-D6BA-4D8F-B22D-C3223A31548E}.Debug|Any CPU.ActiveCfg = Debug|Any CPU
		{8AFD534D-D6BA-4D8F-B22D-C3223A31548E}.Debug|Any CPU.Build.0 = Debug|Any CPU
		{8AFD534D-D6BA-4D8F-B22D-C3223A31548E}.Release|Any CPU.ActiveCfg = Release|Any CPU
		{8AFD534D-D6BA-4D8F-B22D-C3223A31548E}.Release|Any CPU.Build.0 = Release|Any CPU
		{E9479D42-0316-48BF-BA95-D380C9B51B6E}.Debug|Any CPU.ActiveCfg = Debug|Any CPU
		{E9479D42-0316-48BF-BA95-D380C9B51B6E}.Debug|Any CPU.Build.0 = Debug|Any CPU
		{E9479D42-0316-48BF-BA95-D380C9B51B6E}.Release|Any CPU.ActiveCfg = Release|Any CPU
		{E9479D42-0316-48BF-BA95-D380C9B51B6E}.Release|Any CPU.Build.0 = Release|Any CPU
		{01F4BFE1-A92F-4B8B-A65E-7165AE534B37}.Debug|Any CPU.ActiveCfg = Debug|Any CPU
		{01F4BFE1-A92F-4B8B-A65E-7165AE534B37}.Debug|Any CPU.Build.0 = Debug|Any CPU
		{01F4BFE1-A92F-4B8B-A65E-7165AE534B37}.Release|Any CPU.ActiveCfg = Release|Any CPU
		{01F4BFE1-A92F-4B8B-A65E-7165AE534B37}.Release|Any CPU.Build.0 = Release|Any CPU
		{037072FA-17CD-493A-9CA8-A07796C6CF07}.Debug|Any CPU.ActiveCfg = Debug|Any CPU
		{037072FA-17CD-493A-9CA8-A07796C6CF07}.Debug|Any CPU.Build.0 = Debug|Any CPU
		{037072FA-17CD-493A-9CA8-A07796C6CF07}.Release|Any CPU.ActiveCfg = Release|Any CPU
		{037072FA-17CD-493A-9CA8-A07796C6CF07}.Release|Any CPU.Build.0 = Release|Any CPU
		{D6A2570E-3290-4EE9-81BD-9FA4E23A4F04}.Debug|Any CPU.ActiveCfg = Debug|Any CPU
		{D6A2570E-3290-4EE9-81BD-9FA4E23A4F04}.Debug|Any CPU.Build.0 = Debug|Any CPU
		{D6A2570E-3290-4EE9-81BD-9FA4E23A4F04}.Release|Any CPU.ActiveCfg = Release|Any CPU
		{D6A2570E-3290-4EE9-81BD-9FA4E23A4F04}.Release|Any CPU.Build.0 = Release|Any CPU
		{A0567212-5AC1-4632-B9DB-B55C0C2AA4BF}.Debug|Any CPU.ActiveCfg = Debug|Any CPU
		{A0567212-5AC1-4632-B9DB-B55C0C2AA4BF}.Debug|Any CPU.Build.0 = Debug|Any CPU
		{A0567212-5AC1-4632-B9DB-B55C0C2AA4BF}.Release|Any CPU.ActiveCfg = Release|Any CPU
		{A0567212-5AC1-4632-B9DB-B55C0C2AA4BF}.Release|Any CPU.Build.0 = Release|Any CPU
		{7481DD6E-5FE2-4F66-B6ED-5C99DC689BE4}.Debug|Any CPU.ActiveCfg = Debug|Any CPU
		{7481DD6E-5FE2-4F66-B6ED-5C99DC689BE4}.Debug|Any CPU.Build.0 = Debug|Any CPU
		{7481DD6E-5FE2-4F66-B6ED-5C99DC689BE4}.Release|Any CPU.ActiveCfg = Release|Any CPU
		{7481DD6E-5FE2-4F66-B6ED-5C99DC689BE4}.Release|Any CPU.Build.0 = Release|Any CPU
		{51BD58C2-24DD-4FBA-85C0-5B0E0A67D44B}.Debug|Any CPU.ActiveCfg = Debug|Any CPU
		{51BD58C2-24DD-4FBA-85C0-5B0E0A67D44B}.Debug|Any CPU.Build.0 = Debug|Any CPU
		{51BD58C2-24DD-4FBA-85C0-5B0E0A67D44B}.Release|Any CPU.ActiveCfg = Release|Any CPU
		{51BD58C2-24DD-4FBA-85C0-5B0E0A67D44B}.Release|Any CPU.Build.0 = Release|Any CPU
	EndGlobalSection
	GlobalSection(SolutionProperties) = preSolution
		HideSolutionNode = FALSE
	EndGlobalSection
	GlobalSection(NestedProjects) = preSolution
		{A61A9EB2-1829-45BE-B46D-3EB173136447} = {7B09AF6E-846E-4CA1-A9EC-A7241F22B0FD}
		{8AFD534D-D6BA-4D8F-B22D-C3223A31548E} = {7EEA34A5-665B-463C-9E76-0EDB3E80FE7C}
		{E9479D42-0316-48BF-BA95-D380C9B51B6E} = {59656332-936B-49FB-A326-F54F0E5F8AD1}
		{01F4BFE1-A92F-4B8B-A65E-7165AE534B37} = {59656332-936B-49FB-A326-F54F0E5F8AD1}
		{037072FA-17CD-493A-9CA8-A07796C6CF07} = {432FA59D-6201-41BE-BDF3-5C873532E7E5}
		{D6A2570E-3290-4EE9-81BD-9FA4E23A4F04} = {59656332-936B-49FB-A326-F54F0E5F8AD1}
		{A0567212-5AC1-4632-B9DB-B55C0C2AA4BF} = {59656332-936B-49FB-A326-F54F0E5F8AD1}
		{7481DD6E-5FE2-4F66-B6ED-5C99DC689BE4} = {432FA59D-6201-41BE-BDF3-5C873532E7E5}
		{51BD58C2-24DD-4FBA-85C0-5B0E0A67D44B} = {1535EE79-80BE-494F-8162-ECFBCADD5589}
	EndGlobalSection
	GlobalSection(ExtensibilityGlobals) = postSolution
		SolutionGuid = {17F4EF1E-2AC6-412F-8510-20B831C0DD4E}
	EndGlobalSection
EndGlobal
